<?xml version="1.0" encoding="UTF-8" standalone="yes" ?>
<CodeBlocks_project_file>
	<FileVersion major="1" minor="6" />
	<Project>
		<Option title="3DGraphicsEngine" />
		<Option pch_mode="2" />
		<Option compiler="gcc" />
		<Build>
			<Target title="Debug">
				<Option output="bin/Debug/3DGraphicsEngine" prefix_auto="1" extension_auto="1" />
				<Option object_output="obj/Debug/" />
				<Option type="1" />
				<Option compiler="gcc" />
				<Compiler>
					<Add option="-g" />
				</Compiler>
			</Target>
			<Target title="Release">
				<Option output="bin/Release/3DGraphicsEngine" prefix_auto="1" extension_auto="1" />
				<Option object_output="obj/Release/" />
				<Option type="1" />
				<Option compiler="gcc" />
				<Compiler>
					<Add option="-O2" />
					<Add directory="include" />
				</Compiler>
				<Linker>
					<Add option="-s" />
					<Add library="lib/libassimp.so" />
					<Add library="lib/libglfw3.a" />
					<Add library="pthread" />
					<Add library="X11" />
				</Linker>
			</Target>
		</Build>
		<Compiler>
			<Add option="-Wall" />
			<Add option="-std=c++17" />
			<Add directory="include" />
		</Compiler>
		<Linker>
			<Add library="lib/libglfw3.a" />
			<Add library="GL" />
			<Add library="dl" />
			<Add library="X11" />
			<Add library="pthread" />
			<Add library="lib/libassimp.so" />
			<Add library="lib/libfreetype.a" />
		</Linker>
		<Unit filename="assets/shaders/bound.fragment.glsl" />
		<Unit filename="assets/shaders/default.fragment.glsl" />
		<Unit filename="assets/shaders/default.vertex.glsl" />
		<Unit filename="assets/shaders/default2d.fragment.glsl" />
		<Unit filename="assets/shaders/default2d.vertex.glsl" />
		<Unit filename="assets/shaders/lamp.fragment.glsl" />
		<Unit filename="assets/shaders/text.fragment.glsl" />
		<Unit filename="assets/shaders/text.vertex.glsl" />
		<Unit filename="include/DefaultShader2D.h" />
		<Unit filename="include/GLFW/glfw3.h" />
		<Unit filename="include/GLFW/glfw3native.h" />
		<Unit filename="include/GameObject.h" />
		<Unit filename="include/KHR/khrplatform.h" />
		<Unit filename="include/Rectangle.h" />
		<Unit filename="include/TextRenderer.h" />
		<Unit filename="include/TextShader.h" />
		<Unit filename="include/assimp/Base64.hpp" />
		<Unit filename="include/assimp/BaseImporter.h" />
		<Unit filename="include/assimp/Bitmap.h" />
		<Unit filename="include/assimp/BlobIOSystem.h" />
		<Unit filename="include/assimp/ByteSwapper.h" />
		<Unit filename="include/assimp/ColladaMetaData.h" />
		<Unit filename="include/assimp/Compiler/poppack1.h" />
		<Unit filename="include/assimp/Compiler/pstdint.h" />
		<Unit filename="include/assimp/Compiler/pushpack1.h" />
		<Unit filename="include/assimp/CreateAnimMesh.h" />
		<Unit filename="include/assimp/DefaultIOStream.h" />
		<Unit filename="include/assimp/DefaultIOSystem.h" />
		<Unit filename="include/assimp/DefaultLogger.hpp" />
		<Unit filename="include/assimp/Exceptional.h" />
		<Unit filename="include/assimp/Exporter.hpp" />
		<Unit filename="include/assimp/GenericProperty.h" />
		<Unit filename="include/assimp/GltfMaterial.h" />
		<Unit filename="include/assimp/Hash.h" />
		<Unit filename="include/assimp/IOStream.hpp" />
		<Unit filename="include/assimp/IOStreamBuffer.h" />
		<Unit filename="include/assimp/IOSystem.hpp" />
		<Unit filename="include/assimp/Importer.hpp" />
		<Unit filename="include/assimp/LineSplitter.h" />
		<Unit filename="include/assimp/LogAux.h" />
		<Unit filename="include/assimp/LogStream.hpp" />
		<Unit filename="include/assimp/Logger.hpp" />
		<Unit filename="include/assimp/MathFunctions.h" />
		<Unit filename="include/assimp/MemoryIOWrapper.h" />
		<Unit filename="include/assimp/NullLogger.hpp" />
		<Unit filename="include/assimp/ObjMaterial.h" />
		<Unit filename="include/assimp/ParsingUtils.h" />
		<Unit filename="include/assimp/Profiler.h" />
		<Unit filename="include/assimp/ProgressHandler.hpp" />
		<Unit filename="include/assimp/RemoveComments.h" />
		<Unit filename="include/assimp/SGSpatialSort.h" />
		<Unit filename="include/assimp/SceneCombiner.h" />
		<Unit filename="include/assimp/SkeletonMeshBuilder.h" />
		<Unit filename="include/assimp/SmallVector.h" />
		<Unit filename="include/assimp/SmoothingGroups.h" />
		<Unit filename="include/assimp/SpatialSort.h" />
		<Unit filename="include/assimp/StandardShapes.h" />
		<Unit filename="include/assimp/StreamReader.h" />
		<Unit filename="include/assimp/StreamWriter.h" />
		<Unit filename="include/assimp/StringComparison.h" />
		<Unit filename="include/assimp/StringUtils.h" />
		<Unit filename="include/assimp/Subdivision.h" />
		<Unit filename="include/assimp/TinyFormatter.h" />
		<Unit filename="include/assimp/Vertex.h" />
		<Unit filename="include/assimp/XMLTools.h" />
		<Unit filename="include/assimp/XmlParser.h" />
		<Unit filename="include/assimp/ZipArchiveIOSystem.h" />
		<Unit filename="include/assimp/aabb.h" />
		<Unit filename="include/assimp/ai_assert.h" />
		<Unit filename="include/assimp/anim.h" />
		<Unit filename="include/assimp/camera.h" />
		<Unit filename="include/assimp/cexport.h" />
		<Unit filename="include/assimp/cfileio.h" />
		<Unit filename="include/assimp/cimport.h" />
		<Unit filename="include/assimp/color4.h" />
		<Unit filename="include/assimp/commonMetaData.h" />
		<Unit filename="include/assimp/config.h" />
		<Unit filename="include/assimp/defs.h" />
		<Unit filename="include/assimp/fast_atof.h" />
		<Unit filename="include/assimp/importerdesc.h" />
		<Unit filename="include/assimp/light.h" />
		<Unit filename="include/assimp/material.h" />
		<Unit filename="include/assimp/matrix3x3.h" />
		<Unit filename="include/assimp/matrix4x4.h" />
		<Unit filename="include/assimp/mesh.h" />
		<Unit filename="include/assimp/metadata.h" />
		<Unit filename="include/assimp/pbrmaterial.h" />
		<Unit filename="include/assimp/port/AndroidJNI/AndroidJNIIOSystem.h" />
		<Unit filename="include/assimp/port/AndroidJNI/BundledAssetIOSystem.h" />
		<Unit filename="include/assimp/postprocess.h" />
		<Unit filename="include/assimp/qnan.h" />
		<Unit filename="include/assimp/quaternion.h" />
		<Unit filename="include/assimp/scene.h" />
		<Unit filename="include/assimp/texture.h" />
		<Unit filename="include/assimp/types.h" />
		<Unit filename="include/assimp/vector2.h" />
		<Unit filename="include/assimp/vector3.h" />
		<Unit filename="include/assimp/version.h" />
		<Unit filename="include/bound_cube.h" />
		<Unit filename="include/bounds.h" />
		<Unit filename="include/camera.h" />
		<Unit filename="include/cube.h" />
		<Unit filename="include/defaultshader.h" />
		<Unit filename="include/dlg/dlg.h" />
		<Unit filename="include/dlg/output.h" />
		<Unit filename="include/ebo.h" />
		<Unit filename="include/environment.h" />
		<Unit filename="include/freetype/config/ftconfig.h" />
		<Unit filename="include/freetype/config/ftheader.h" />
		<Unit filename="include/freetype/config/ftmodule.h" />
		<Unit filename="include/freetype/config/ftoption.h" />
		<Unit filename="include/freetype/config/ftstdlib.h" />
		<Unit filename="include/freetype/config/integer-types.h" />
		<Unit filename="include/freetype/config/mac-support.h" />
		<Unit filename="include/freetype/config/public-macros.h" />
		<Unit filename="include/freetype/freetype.h" />
		<Unit filename="include/freetype/ftadvanc.h" />
		<Unit filename="include/freetype/ftbbox.h" />
		<Unit filename="include/freetype/ftbdf.h" />
		<Unit filename="include/freetype/ftbitmap.h" />
		<Unit filename="include/freetype/ftbzip2.h" />
		<Unit filename="include/freetype/ftcache.h" />
		<Unit filename="include/freetype/ftchapters.h" />
		<Unit filename="include/freetype/ftcid.h" />
		<Unit filename="include/freetype/ftcolor.h" />
		<Unit filename="include/freetype/ftdriver.h" />
		<Unit filename="include/freetype/fterrdef.h" />
		<Unit filename="include/freetype/fterrors.h" />
		<Unit filename="include/freetype/ftfntfmt.h" />
		<Unit filename="include/freetype/ftgasp.h" />
		<Unit filename="include/freetype/ftglyph.h" />
		<Unit filename="include/freetype/ftgxval.h" />
		<Unit filename="include/freetype/ftgzip.h" />
		<Unit filename="include/freetype/ftimage.h" />
		<Unit filename="include/freetype/ftincrem.h" />
		<Unit filename="include/freetype/ftlcdfil.h" />
		<Unit filename="include/freetype/ftlist.h" />
		<Unit filename="include/freetype/ftlogging.h" />
		<Unit filename="include/freetype/ftlzw.h" />
		<Unit filename="include/freetype/ftmac.h" />
		<Unit filename="include/freetype/ftmm.h" />
		<Unit filename="include/freetype/ftmodapi.h" />
		<Unit filename="include/freetype/ftmoderr.h" />
		<Unit filename="include/freetype/ftotval.h" />
		<Unit filename="include/freetype/ftoutln.h" />
		<Unit filename="include/freetype/ftparams.h" />
		<Unit filename="include/freetype/ftpfr.h" />
		<Unit filename="include/freetype/ftrender.h" />
		<Unit filename="include/freetype/ftsizes.h" />
		<Unit filename="include/freetype/ftsnames.h" />
		<Unit filename="include/freetype/ftstroke.h" />
		<Unit filename="include/freetype/ftsynth.h" />
		<Unit filename="include/freetype/ftsystem.h" />
		<Unit filename="include/freetype/fttrigon.h" />
		<Unit filename="include/freetype/fttypes.h" />
		<Unit filename="include/freetype/ftwinfnt.h" />
		<Unit filename="include/freetype/internal/autohint.h" />
		<Unit filename="include/freetype/internal/cffotypes.h" />
		<Unit filename="include/freetype/internal/cfftypes.h" />
		<Unit filename="include/freetype/internal/compiler-macros.h" />
		<Unit filename="include/freetype/internal/ftcalc.h" />
		<Unit filename="include/freetype/internal/ftdebug.h" />
		<Unit filename="include/freetype/internal/ftdrv.h" />
		<Unit filename="include/freetype/internal/ftgloadr.h" />
		<Unit filename="include/freetype/internal/fthash.h" />
		<Unit filename="include/freetype/internal/ftmemory.h" />
		<Unit filename="include/freetype/internal/ftmmtypes.h" />
		<Unit filename="include/freetype/internal/ftobjs.h" />
		<Unit filename="include/freetype/internal/ftpsprop.h" />
		<Unit filename="include/freetype/internal/ftrfork.h" />
		<Unit filename="include/freetype/internal/ftserv.h" />
		<Unit filename="include/freetype/internal/ftstream.h" />
		<Unit filename="include/freetype/internal/fttrace.h" />
		<Unit filename="include/freetype/internal/ftvalid.h" />
		<Unit filename="include/freetype/internal/psaux.h" />
		<Unit filename="include/freetype/internal/pshints.h" />
		<Unit filename="include/freetype/internal/services/svbdf.h" />
		<Unit filename="include/freetype/internal/services/svcfftl.h" />
		<Unit filename="include/freetype/internal/services/svcid.h" />
		<Unit filename="include/freetype/internal/services/svfntfmt.h" />
		<Unit filename="include/freetype/internal/services/svgldict.h" />
		<Unit filename="include/freetype/internal/services/svgxval.h" />
		<Unit filename="include/freetype/internal/services/svkern.h" />
		<Unit filename="include/freetype/internal/services/svmetric.h" />
		<Unit filename="include/freetype/internal/services/svmm.h" />
		<Unit filename="include/freetype/internal/services/svotval.h" />
		<Unit filename="include/freetype/internal/services/svpfr.h" />
		<Unit filename="include/freetype/internal/services/svpostnm.h" />
		<Unit filename="include/freetype/internal/services/svprop.h" />
		<Unit filename="include/freetype/internal/services/svpscmap.h" />
		<Unit filename="include/freetype/internal/services/svpsinfo.h" />
		<Unit filename="include/freetype/internal/services/svsfnt.h" />
		<Unit filename="include/freetype/internal/services/svttcmap.h" />
		<Unit filename="include/freetype/internal/services/svtteng.h" />
		<Unit filename="include/freetype/internal/services/svttglyf.h" />
		<Unit filename="include/freetype/internal/services/svwinfnt.h" />
		<Unit filename="include/freetype/internal/sfnt.h" />
		<Unit filename="include/freetype/internal/svginterface.h" />
		<Unit filename="include/freetype/internal/t1types.h" />
		<Unit filename="include/freetype/internal/tttypes.h" />
		<Unit filename="include/freetype/internal/wofftypes.h" />
		<Unit filename="include/freetype/otsvg.h" />
		<Unit filename="include/freetype/t1tables.h" />
		<Unit filename="include/freetype/ttnameid.h" />
		<Unit filename="include/freetype/tttables.h" />
		<Unit filename="include/freetype/tttags.h" />
		<Unit filename="include/ft2build.h" />
		<Unit filename="include/glad/glad.h" />
		<Unit filename="include/glm/common.hpp" />
		<Unit filename="include/glm/detail/_features.hpp" />
		<Unit filename="include/glm/detail/_fixes.hpp" />
		<Unit filename="include/glm/detail/_noise.hpp" />
		<Unit filename="include/glm/detail/_swizzle.hpp" />
		<Unit filename="include/glm/detail/_swizzle_func.hpp" />
		<Unit filename="include/glm/detail/_vectorize.hpp" />
		<Unit filename="include/glm/detail/compute_common.hpp" />
		<Unit filename="include/glm/detail/compute_vector_relational.hpp" />
		<Unit filename="include/glm/detail/qualifier.hpp" />
		<Unit filename="include/glm/detail/setup.hpp" />
		<Unit filename="include/glm/detail/type_float.hpp" />
		<Unit filename="include/glm/detail/type_half.hpp" />
		<Unit filename="include/glm/detail/type_mat2x2.hpp" />
		<Unit filename="include/glm/detail/type_mat2x3.hpp" />
		<Unit filename="include/glm/detail/type_mat2x4.hpp" />
		<Unit filename="include/glm/detail/type_mat3x2.hpp" />
		<Unit filename="include/glm/detail/type_mat3x3.hpp" />
		<Unit filename="include/glm/detail/type_mat3x4.hpp" />
		<Unit filename="include/glm/detail/type_mat4x2.hpp" />
		<Unit filename="include/glm/detail/type_mat4x3.hpp" />
		<Unit filename="include/glm/detail/type_mat4x4.hpp" />
		<Unit filename="include/glm/detail/type_quat.hpp" />
		<Unit filename="include/glm/detail/type_vec1.hpp" />
		<Unit filename="include/glm/detail/type_vec2.hpp" />
		<Unit filename="include/glm/detail/type_vec3.hpp" />
		<Unit filename="include/glm/detail/type_vec4.hpp" />
		<Unit filename="include/glm/exponential.hpp" />
		<Unit filename="include/glm/ext.hpp" />
		<Unit filename="include/glm/ext/matrix_clip_space.hpp" />
		<Unit filename="include/glm/ext/matrix_common.hpp" />
		<Unit filename="include/glm/ext/matrix_double2x2.hpp" />
		<Unit filename="include/glm/ext/matrix_double2x2_precision.hpp" />
		<Unit filename="include/glm/ext/matrix_double2x3.hpp" />
		<Unit filename="include/glm/ext/matrix_double2x3_precision.hpp" />
		<Unit filename="include/glm/ext/matrix_double2x4.hpp" />
		<Unit filename="include/glm/ext/matrix_double2x4_precision.hpp" />
		<Unit filename="include/glm/ext/matrix_double3x2.hpp" />
		<Unit filename="include/glm/ext/matrix_double3x2_precision.hpp" />
		<Unit filename="include/glm/ext/matrix_double3x3.hpp" />
		<Unit filename="include/glm/ext/matrix_double3x3_precision.hpp" />
		<Unit filename="include/glm/ext/matrix_double3x4.hpp" />
		<Unit filename="include/glm/ext/matrix_double3x4_precision.hpp" />
		<Unit filename="include/glm/ext/matrix_double4x2.hpp" />
		<Unit filename="include/glm/ext/matrix_double4x2_precision.hpp" />
		<Unit filename="include/glm/ext/matrix_double4x3.hpp" />
		<Unit filename="include/glm/ext/matrix_double4x3_precision.hpp" />
		<Unit filename="include/glm/ext/matrix_double4x4.hpp" />
		<Unit filename="include/glm/ext/matrix_double4x4_precision.hpp" />
		<Unit filename="include/glm/ext/matrix_float2x2.hpp" />
		<Unit filename="include/glm/ext/matrix_float2x2_precision.hpp" />
		<Unit filename="include/glm/ext/matrix_float2x3.hpp" />
		<Unit filename="include/glm/ext/matrix_float2x3_precision.hpp" />
		<Unit filename="include/glm/ext/matrix_float2x4.hpp" />
		<Unit filename="include/glm/ext/matrix_float2x4_precision.hpp" />
		<Unit filename="include/glm/ext/matrix_float3x2.hpp" />
		<Unit filename="include/glm/ext/matrix_float3x2_precision.hpp" />
		<Unit filename="include/glm/ext/matrix_float3x3.hpp" />
		<Unit filename="include/glm/ext/matrix_float3x3_precision.hpp" />
		<Unit filename="include/glm/ext/matrix_float3x4.hpp" />
		<Unit filename="include/glm/ext/matrix_float3x4_precision.hpp" />
		<Unit filename="include/glm/ext/matrix_float4x2.hpp" />
		<Unit filename="include/glm/ext/matrix_float4x2_precision.hpp" />
		<Unit filename="include/glm/ext/matrix_float4x3.hpp" />
		<Unit filename="include/glm/ext/matrix_float4x3_precision.hpp" />
		<Unit filename="include/glm/ext/matrix_float4x4.hpp" />
		<Unit filename="include/glm/ext/matrix_float4x4_precision.hpp" />
		<Unit filename="include/glm/ext/matrix_int2x2.hpp" />
		<Unit filename="include/glm/ext/matrix_int2x2_sized.hpp" />
		<Unit filename="include/glm/ext/matrix_int2x3.hpp" />
		<Unit filename="include/glm/ext/matrix_int2x3_sized.hpp" />
		<Unit filename="include/glm/ext/matrix_int2x4.hpp" />
		<Unit filename="include/glm/ext/matrix_int2x4_sized.hpp" />
		<Unit filename="include/glm/ext/matrix_int3x2.hpp" />
		<Unit filename="include/glm/ext/matrix_int3x2_sized.hpp" />
		<Unit filename="include/glm/ext/matrix_int3x3.hpp" />
		<Unit filename="include/glm/ext/matrix_int3x3_sized.hpp" />
		<Unit filename="include/glm/ext/matrix_int3x4.hpp" />
		<Unit filename="include/glm/ext/matrix_int3x4_sized.hpp" />
		<Unit filename="include/glm/ext/matrix_int4x2.hpp" />
		<Unit filename="include/glm/ext/matrix_int4x2_sized.hpp" />
		<Unit filename="include/glm/ext/matrix_int4x3.hpp" />
		<Unit filename="include/glm/ext/matrix_int4x3_sized.hpp" />
		<Unit filename="include/glm/ext/matrix_int4x4.hpp" />
		<Unit filename="include/glm/ext/matrix_int4x4_sized.hpp" />
		<Unit filename="include/glm/ext/matrix_projection.hpp" />
		<Unit filename="include/glm/ext/matrix_relational.hpp" />
		<Unit filename="include/glm/ext/matrix_transform.hpp" />
		<Unit filename="include/glm/ext/matrix_uint2x2.hpp" />
		<Unit filename="include/glm/ext/matrix_uint2x2_sized.hpp" />
		<Unit filename="include/glm/ext/matrix_uint2x3.hpp" />
		<Unit filename="include/glm/ext/matrix_uint2x3_sized.hpp" />
		<Unit filename="include/glm/ext/matrix_uint2x4.hpp" />
		<Unit filename="include/glm/ext/matrix_uint2x4_sized.hpp" />
		<Unit filename="include/glm/ext/matrix_uint3x2.hpp" />
		<Unit filename="include/glm/ext/matrix_uint3x2_sized.hpp" />
		<Unit filename="include/glm/ext/matrix_uint3x3.hpp" />
		<Unit filename="include/glm/ext/matrix_uint3x3_sized.hpp" />
		<Unit filename="include/glm/ext/matrix_uint3x4.hpp" />
		<Unit filename="include/glm/ext/matrix_uint3x4_sized.hpp" />
		<Unit filename="include/glm/ext/matrix_uint4x2.hpp" />
		<Unit filename="include/glm/ext/matrix_uint4x2_sized.hpp" />
		<Unit filename="include/glm/ext/matrix_uint4x3.hpp" />
		<Unit filename="include/glm/ext/matrix_uint4x3_sized.hpp" />
		<Unit filename="include/glm/ext/matrix_uint4x4.hpp" />
		<Unit filename="include/glm/ext/matrix_uint4x4_sized.hpp" />
		<Unit filename="include/glm/ext/quaternion_common.hpp" />
		<Unit filename="include/glm/ext/quaternion_double.hpp" />
		<Unit filename="include/glm/ext/quaternion_double_precision.hpp" />
		<Unit filename="include/glm/ext/quaternion_exponential.hpp" />
		<Unit filename="include/glm/ext/quaternion_float.hpp" />
		<Unit filename="include/glm/ext/quaternion_float_precision.hpp" />
		<Unit filename="include/glm/ext/quaternion_geometric.hpp" />
		<Unit filename="include/glm/ext/quaternion_relational.hpp" />
		<Unit filename="include/glm/ext/quaternion_transform.hpp" />
		<Unit filename="include/glm/ext/quaternion_trigonometric.hpp" />
		<Unit filename="include/glm/ext/scalar_common.hpp" />
		<Unit filename="include/glm/ext/scalar_constants.hpp" />
		<Unit filename="include/glm/ext/scalar_int_sized.hpp" />
		<Unit filename="include/glm/ext/scalar_integer.hpp" />
		<Unit filename="include/glm/ext/scalar_packing.hpp" />
		<Unit filename="include/glm/ext/scalar_relational.hpp" />
		<Unit filename="include/glm/ext/scalar_uint_sized.hpp" />
		<Unit filename="include/glm/ext/scalar_ulp.hpp" />
		<Unit filename="include/glm/ext/vector_bool1.hpp" />
		<Unit filename="include/glm/ext/vector_bool1_precision.hpp" />
		<Unit filename="include/glm/ext/vector_bool2.hpp" />
		<Unit filename="include/glm/ext/vector_bool2_precision.hpp" />
		<Unit filename="include/glm/ext/vector_bool3.hpp" />
		<Unit filename="include/glm/ext/vector_bool3_precision.hpp" />
		<Unit filename="include/glm/ext/vector_bool4.hpp" />
		<Unit filename="include/glm/ext/vector_bool4_precision.hpp" />
		<Unit filename="include/glm/ext/vector_common.hpp" />
		<Unit filename="include/glm/ext/vector_double1.hpp" />
		<Unit filename="include/glm/ext/vector_double1_precision.hpp" />
		<Unit filename="include/glm/ext/vector_double2.hpp" />
		<Unit filename="include/glm/ext/vector_double2_precision.hpp" />
		<Unit filename="include/glm/ext/vector_double3.hpp" />
		<Unit filename="include/glm/ext/vector_double3_precision.hpp" />
		<Unit filename="include/glm/ext/vector_double4.hpp" />
		<Unit filename="include/glm/ext/vector_double4_precision.hpp" />
		<Unit filename="include/glm/ext/vector_float1.hpp" />
		<Unit filename="include/glm/ext/vector_float1_precision.hpp" />
		<Unit filename="include/glm/ext/vector_float2.hpp" />
		<Unit filename="include/glm/ext/vector_float2_precision.hpp" />
		<Unit filename="include/glm/ext/vector_float3.hpp" />
		<Unit filename="include/glm/ext/vector_float3_precision.hpp" />
		<Unit filename="include/glm/ext/vector_float4.hpp" />
		<Unit filename="include/glm/ext/vector_float4_precision.hpp" />
		<Unit filename="include/glm/ext/vector_int1.hpp" />
		<Unit filename="include/glm/ext/vector_int1_sized.hpp" />
		<Unit filename="include/glm/ext/vector_int2.hpp" />
		<Unit filename="include/glm/ext/vector_int2_sized.hpp" />
		<Unit filename="include/glm/ext/vector_int3.hpp" />
		<Unit filename="include/glm/ext/vector_int3_sized.hpp" />
		<Unit filename="include/glm/ext/vector_int4.hpp" />
		<Unit filename="include/glm/ext/vector_int4_sized.hpp" />
		<Unit filename="include/glm/ext/vector_integer.hpp" />
		<Unit filename="include/glm/ext/vector_packing.hpp" />
		<Unit filename="include/glm/ext/vector_relational.hpp" />
		<Unit filename="include/glm/ext/vector_uint1.hpp" />
		<Unit filename="include/glm/ext/vector_uint1_sized.hpp" />
		<Unit filename="include/glm/ext/vector_uint2.hpp" />
		<Unit filename="include/glm/ext/vector_uint2_sized.hpp" />
		<Unit filename="include/glm/ext/vector_uint3.hpp" />
		<Unit filename="include/glm/ext/vector_uint3_sized.hpp" />
		<Unit filename="include/glm/ext/vector_uint4.hpp" />
		<Unit filename="include/glm/ext/vector_uint4_sized.hpp" />
		<Unit filename="include/glm/ext/vector_ulp.hpp" />
		<Unit filename="include/glm/fwd.hpp" />
		<Unit filename="include/glm/geometric.hpp" />
		<Unit filename="include/glm/glm.hpp" />
		<Unit filename="include/glm/gtc/bitfield.hpp" />
		<Unit filename="include/glm/gtc/color_space.hpp" />
		<Unit filename="include/glm/gtc/constants.hpp" />
		<Unit filename="include/glm/gtc/epsilon.hpp" />
		<Unit filename="include/glm/gtc/integer.hpp" />
		<Unit filename="include/glm/gtc/matrix_access.hpp" />
		<Unit filename="include/glm/gtc/matrix_integer.hpp" />
		<Unit filename="include/glm/gtc/matrix_inverse.hpp" />
		<Unit filename="include/glm/gtc/matrix_transform.hpp" />
		<Unit filename="include/glm/gtc/noise.hpp" />
		<Unit filename="include/glm/gtc/packing.hpp" />
		<Unit filename="include/glm/gtc/quaternion.hpp" />
		<Unit filename="include/glm/gtc/random.hpp" />
		<Unit filename="include/glm/gtc/reciprocal.hpp" />
		<Unit filename="include/glm/gtc/round.hpp" />
		<Unit filename="include/glm/gtc/type_aligned.hpp" />
		<Unit filename="include/glm/gtc/type_precision.hpp" />
		<Unit filename="include/glm/gtc/type_ptr.hpp" />
		<Unit filename="include/glm/gtc/ulp.hpp" />
		<Unit filename="include/glm/gtc/vec1.hpp" />
		<Unit filename="include/glm/gtx/associated_min_max.hpp" />
		<Unit filename="include/glm/gtx/bit.hpp" />
		<Unit filename="include/glm/gtx/closest_point.hpp" />
		<Unit filename="include/glm/gtx/color_encoding.hpp" />
		<Unit filename="include/glm/gtx/color_space.hpp" />
		<Unit filename="include/glm/gtx/color_space_YCoCg.hpp" />
		<Unit filename="include/glm/gtx/common.hpp" />
		<Unit filename="include/glm/gtx/compatibility.hpp" />
		<Unit filename="include/glm/gtx/component_wise.hpp" />
		<Unit filename="include/glm/gtx/dual_quaternion.hpp" />
		<Unit filename="include/glm/gtx/easing.hpp" />
		<Unit filename="include/glm/gtx/euler_angles.hpp" />
		<Unit filename="include/glm/gtx/extend.hpp" />
		<Unit filename="include/glm/gtx/extended_min_max.hpp" />
		<Unit filename="include/glm/gtx/exterior_product.hpp" />
		<Unit filename="include/glm/gtx/fast_exponential.hpp" />
		<Unit filename="include/glm/gtx/fast_square_root.hpp" />
		<Unit filename="include/glm/gtx/fast_trigonometry.hpp" />
		<Unit filename="include/glm/gtx/functions.hpp" />
		<Unit filename="include/glm/gtx/gradient_paint.hpp" />
		<Unit filename="include/glm/gtx/handed_coordinate_space.hpp" />
		<Unit filename="include/glm/gtx/hash.hpp" />
		<Unit filename="include/glm/gtx/integer.hpp" />
		<Unit filename="include/glm/gtx/intersect.hpp" />
		<Unit filename="include/glm/gtx/io.hpp" />
		<Unit filename="include/glm/gtx/log_base.hpp" />
		<Unit filename="include/glm/gtx/matrix_cross_product.hpp" />
		<Unit filename="include/glm/gtx/matrix_decompose.hpp" />
		<Unit filename="include/glm/gtx/matrix_factorisation.hpp" />
		<Unit filename="include/glm/gtx/matrix_interpolation.hpp" />
		<Unit filename="include/glm/gtx/matrix_major_storage.hpp" />
		<Unit filename="include/glm/gtx/matrix_operation.hpp" />
		<Unit filename="include/glm/gtx/matrix_query.hpp" />
		<Unit filename="include/glm/gtx/matrix_transform_2d.hpp" />
		<Unit filename="include/glm/gtx/mixed_product.hpp" />
		<Unit filename="include/glm/gtx/norm.hpp" />
		<Unit filename="include/glm/gtx/normal.hpp" />
		<Unit filename="include/glm/gtx/normalize_dot.hpp" />
		<Unit filename="include/glm/gtx/number_precision.hpp" />
		<Unit filename="include/glm/gtx/optimum_pow.hpp" />
		<Unit filename="include/glm/gtx/orthonormalize.hpp" />
		<Unit filename="include/glm/gtx/perpendicular.hpp" />
		<Unit filename="include/glm/gtx/polar_coordinates.hpp" />
		<Unit filename="include/glm/gtx/projection.hpp" />
		<Unit filename="include/glm/gtx/quaternion.hpp" />
		<Unit filename="include/glm/gtx/range.hpp" />
		<Unit filename="include/glm/gtx/raw_data.hpp" />
		<Unit filename="include/glm/gtx/rotate_normalized_axis.hpp" />
		<Unit filename="include/glm/gtx/rotate_vector.hpp" />
		<Unit filename="include/glm/gtx/scalar_multiplication.hpp" />
		<Unit filename="include/glm/gtx/scalar_relational.hpp" />
		<Unit filename="include/glm/gtx/spline.hpp" />
		<Unit filename="include/glm/gtx/std_based_type.hpp" />
		<Unit filename="include/glm/gtx/string_cast.hpp" />
		<Unit filename="include/glm/gtx/texture.hpp" />
		<Unit filename="include/glm/gtx/transform.hpp" />
		<Unit filename="include/glm/gtx/transform2.hpp" />
		<Unit filename="include/glm/gtx/type_aligned.hpp" />
		<Unit filename="include/glm/gtx/type_trait.hpp" />
		<Unit filename="include/glm/gtx/vec_swizzle.hpp" />
		<Unit filename="include/glm/gtx/vector_angle.hpp" />
		<Unit filename="include/glm/gtx/vector_query.hpp" />
		<Unit filename="include/glm/gtx/wrap.hpp" />
		<Unit filename="include/glm/integer.hpp" />
		<Unit filename="include/glm/mat2x2.hpp" />
		<Unit filename="include/glm/mat2x3.hpp" />
		<Unit filename="include/glm/mat2x4.hpp" />
		<Unit filename="include/glm/mat3x2.hpp" />
		<Unit filename="include/glm/mat3x3.hpp" />
		<Unit filename="include/glm/mat3x4.hpp" />
		<Unit filename="include/glm/mat4x2.hpp" />
		<Unit filename="include/glm/mat4x3.hpp" />
		<Unit filename="include/glm/mat4x4.hpp" />
		<Unit filename="include/glm/matrix.hpp" />
		<Unit filename="include/glm/packing.hpp" />
		<Unit filename="include/glm/simd/common.h" />
		<Unit filename="include/glm/simd/exponential.h" />
		<Unit filename="include/glm/simd/geometric.h" />
		<Unit filename="include/glm/simd/integer.h" />
		<Unit filename="include/glm/simd/matrix.h" />
		<Unit filename="include/glm/simd/neon.h" />
		<Unit filename="include/glm/simd/packing.h" />
		<Unit filename="include/glm/simd/platform.h" />
		<Unit filename="include/glm/simd/trigonometric.h" />
		<Unit filename="include/glm/simd/vector_relational.h" />
		<Unit filename="include/glm/trigonometric.hpp" />
		<Unit filename="include/glm/vec2.hpp" />
		<Unit filename="include/glm/vec3.hpp" />
		<Unit filename="include/glm/vec4.hpp" />
		<Unit filename="include/glm/vector_relational.hpp" />
		<Unit filename="include/global.h" />
		<Unit filename="include/imgui/imconfig.h" />
		<Unit filename="include/imgui/imgui.h" />
		<Unit filename="include/imgui/imgui_impl_glfw.h" />
		<Unit filename="include/imgui/imgui_impl_opengl3.h" />
		<Unit filename="include/imgui/imgui_impl_opengl3_loader.h" />
		<Unit filename="include/imgui/imgui_internal.h" />
		<Unit filename="include/imgui/imstb_rectpack.h" />
		<Unit filename="include/imgui/imstb_textedit.h" />
		<Unit filename="include/imgui/imstb_truetype.h" />
		<Unit filename="include/lamp_shader.h" />
		<Unit filename="include/light.h" />
		<Unit filename="include/macros.h" />
		<Unit filename="include/material.h" />
		<Unit filename="include/mesh.h" />
		<Unit filename="include/model.h" />
		<Unit filename="include/model_array.h" />
		<Unit filename="include/mouse.h" />
		<Unit filename="include/rigidbody.h" />
		<Unit filename="include/shader.h" />
		<Unit filename="include/sphere.h" />
		<Unit filename="include/stb/stb_image.h" />
		<Unit filename="include/texture.h" />
		<Unit filename="include/utils.h" />
		<Unit filename="include/vao.h" />
		<Unit filename="include/vbo.h" />
		<Unit filename="include/vertex.h" />
		<Unit filename="include/window.h" />
		<Unit filename="src/DefaultShader2D.cpp" />
		<Unit filename="src/GameObject.cpp" />
		<Unit filename="src/Rectangle.cpp" />
		<Unit filename="src/TextRenderer.cpp" />
		<Unit filename="src/TextShader.cpp" />
		<Unit filename="src/bound_cube.cpp" />
		<Unit filename="src/bounds.cpp" />
		<Unit filename="src/camera.cpp" />
		<Unit filename="src/cube.cpp" />
		<Unit filename="src/defaultshader.cpp" />
		<Unit filename="src/ebo.cpp" />
		<Unit filename="src/environment.cpp" />
		<Unit filename="src/glad.c">
			<Option compilerVar="CC" />
		</Unit>
		<Unit filename="src/global.cpp" />
		<Unit filename="src/imgui/imgui.cpp" />
		<Unit filename="src/imgui/imgui_demo.cpp" />
		<Unit filename="src/imgui/imgui_draw.cpp" />
		<Unit filename="src/imgui/imgui_impl_glfw.cpp" />
		<Unit filename="src/imgui/imgui_impl_opengl3.cpp" />
		<Unit filename="src/imgui/imgui_tables.cpp" />
		<Unit filename="src/imgui/imgui_widgets.cpp" />
		<Unit filename="src/lamp_shader.cpp" />
		<Unit filename="src/light.cpp" />
		<Unit filename="src/main.cpp" />
		<Unit filename="src/material.cpp" />
		<Unit filename="src/mesh.cpp" />
		<Unit filename="src/model.cpp" />
		<Unit filename="src/model_array.cpp" />
		<Unit filename="src/mouse.cpp" />
		<Unit filename="src/rigidbody.cpp" />
		<Unit filename="src/shader.cpp" />
		<Unit filename="src/sphere.cpp" />
		<Unit filename="src/texture.cpp" />
		<Unit filename="src/utils.cpp" />
		<Unit filename="src/vao.cpp" />
		<Unit filename="src/vbo.cpp" />
		<Unit filename="src/window.cpp" />
		<Extensions />
	</Project>
</CodeBlocks_project_file>
